// !$*UTF8*$!
{
	archiveVersion = 1;
	classes = {
	};
	objectVersion = 46;
	objects = {

/* Begin PBXBuildFile section */
		C47943391D576FFD00908649 /* image_DXT.c in Sources */ = {isa = PBXBuildFile; fileRef = C479432C1D576FFD00908649 /* image_DXT.c */; };
		C479433A1D576FFD00908649 /* image_DXT.h in Headers */ = {isa = PBXBuildFile; fileRef = C479432D1D576FFD00908649 /* image_DXT.h */; };
		C479433B1D576FFD00908649 /* image_helper.c in Sources */ = {isa = PBXBuildFile; fileRef = C479432E1D576FFD00908649 /* image_helper.c */; };
		C479433C1D576FFD00908649 /* image_helper.h in Headers */ = {isa = PBXBuildFile; fileRef = C479432F1D576FFD00908649 /* image_helper.h */; };
		C479433F1D576FFD00908649 /* SOIL.c in Sources */ = {isa = PBXBuildFile; fileRef = C47943331D576FFD00908649 /* SOIL.c */; };
		C47943401D576FFD00908649 /* SOIL.h in Headers */ = {isa = PBXBuildFile; fileRef = C47943341D576FFD00908649 /* SOIL.h */; };
		C47943411D576FFD00908649 /* stb_image_aug.c in Sources */ = {isa = PBXBuildFile; fileRef = C47943351D576FFD00908649 /* stb_image_aug.c */; };
		C47943421D576FFD00908649 /* stb_image_aug.h in Headers */ = {isa = PBXBuildFile; fileRef = C47943361D576FFD00908649 /* stb_image_aug.h */; };
		C47943431D576FFD00908649 /* stbi_DDS_aug.h in Headers */ = {isa = PBXBuildFile; fileRef = C47943371D576FFD00908649 /* stbi_DDS_aug.h */; };
		C47943441D576FFD00908649 /* stbi_DDS_aug_c.h in Headers */ = {isa = PBXBuildFile; fileRef = C47943381D576FFD00908649 /* stbi_DDS_aug_c.h */; };
		C47943461D57706100908649 /* matrix.h in Headers */ = {isa = PBXBuildFile; fileRef = C47943451D57706100908649 /* matrix.h */; };
		C479434C1D57734500908649 /* GLee.c in Sources */ = {isa = PBXBuildFile; fileRef = C47943491D57734500908649 /* GLee.c */; };
		C479434D1D57734500908649 /* GLee.h in Headers */ = {isa = PBXBuildFile; fileRef = C479434A1D57734500908649 /* GLee.h */; };
		C47943611D5773F100908649 /* COLOR.cpp in Sources */ = {isa = PBXBuildFile; fileRef = C479434F1D5773F100908649 /* COLOR.cpp */; };
		C47943621D5773F100908649 /* COLOR.h in Headers */ = {isa = PBXBuildFile; fileRef = C47943501D5773F100908649 /* COLOR.h */; };
		C47943641D5773F100908649 /* GLee.h in Headers */ = {isa = PBXBuildFile; fileRef = C47943541D5773F100908649 /* GLee.h */; };
		C47943651D5773F100908649 /* Maths.h in Headers */ = {isa = PBXBuildFile; fileRef = C47943561D5773F100908649 /* Maths.h */; };
		C47943661D5773F100908649 /* MATRIX4X4.cpp in Sources */ = {isa = PBXBuildFile; fileRef = C47943571D5773F100908649 /* MATRIX4X4.cpp */; };
		C47943671D5773F100908649 /* MATRIX4X4.h in Headers */ = {isa = PBXBuildFile; fileRef = C47943581D5773F100908649 /* MATRIX4X4.h */; };
		C47943681D5773F100908649 /* PLANE.cpp in Sources */ = {isa = PBXBuildFile; fileRef = C47943591D5773F100908649 /* PLANE.cpp */; };
		C47943691D5773F100908649 /* PLANE.h in Headers */ = {isa = PBXBuildFile; fileRef = C479435A1D5773F100908649 /* PLANE.h */; };
		C479436A1D5773F100908649 /* VECTOR2D.cpp in Sources */ = {isa = PBXBuildFile; fileRef = C479435B1D5773F100908649 /* VECTOR2D.cpp */; };
		C479436B1D5773F100908649 /* VECTOR2D.h in Headers */ = {isa = PBXBuildFile; fileRef = C479435C1D5773F100908649 /* VECTOR2D.h */; };
		C479436C1D5773F100908649 /* VECTOR3D.cpp in Sources */ = {isa = PBXBuildFile; fileRef = C479435D1D5773F100908649 /* VECTOR3D.cpp */; };
		C479436D1D5773F100908649 /* VECTOR3D.h in Headers */ = {isa = PBXBuildFile; fileRef = C479435E1D5773F100908649 /* VECTOR3D.h */; };
		C479436E1D5773F100908649 /* VECTOR4D.cpp in Sources */ = {isa = PBXBuildFile; fileRef = C479435F1D5773F100908649 /* VECTOR4D.cpp */; };
		C479436F1D5773F100908649 /* VECTOR4D.h in Headers */ = {isa = PBXBuildFile; fileRef = C47943601D5773F100908649 /* VECTOR4D.h */; };
		C4F4B7AD1D2DC72300B6C0F5 /* main.cpp in Sources */ = {isa = PBXBuildFile; fileRef = C4F4B7AC1D2DC72300B6C0F5 /* main.cpp */; };
		C4F4B7B41D2DC73B00B6C0F5 /* OpenGL.framework in Frameworks */ = {isa = PBXBuildFile; fileRef = C4F4B7B31D2DC73B00B6C0F5 /* OpenGL.framework */; };
		C4F4B7B61D2DC74200B6C0F5 /* GLUT.framework in Frameworks */ = {isa = PBXBuildFile; fileRef = C4F4B7B51D2DC74200B6C0F5 /* GLUT.framework */; };
/* End PBXBuildFile section */

/* Begin PBXCopyFilesBuildPhase section */
		C4F4B7A71D2DC72300B6C0F5 /* CopyFiles */ = {
			isa = PBXCopyFilesBuildPhase;
			buildActionMask = 2147483647;
			dstPath = /usr/share/man/man1/;
			dstSubfolderSpec = 0;
			files = (
			);
			runOnlyForDeploymentPostprocessing = 1;
		};
/* End PBXCopyFilesBuildPhase section */

/* Begin PBXFileReference section */
		C40842FE1D4E178700F5E68F /* test.bmp */ = {isa = PBXFileReference; lastKnownFileType = image.bmp; path = test.bmp; sourceTree = "<group>"; };
		C47943291D576FF300908649 /* boss.obj */ = {isa = PBXFileReference; fileEncoding = 4; lastKnownFileType = text; path = boss.obj; sourceTree = "<group>"; };
		C479432A1D576FF300908649 /* david.obj */ = {isa = PBXFileReference; fileEncoding = 4; lastKnownFileType = text; path = david.obj; sourceTree = "<group>"; };
		C479432C1D576FFD00908649 /* image_DXT.c */ = {isa = PBXFileReference; fileEncoding = 4; lastKnownFileType = sourcecode.c.c; path = image_DXT.c; sourceTree = "<group>"; };
		C479432D1D576FFD00908649 /* image_DXT.h */ = {isa = PBXFileReference; fileEncoding = 4; lastKnownFileType = sourcecode.c.h; path = image_DXT.h; sourceTree = "<group>"; };
		C479432E1D576FFD00908649 /* image_helper.c */ = {isa = PBXFileReference; fileEncoding = 4; lastKnownFileType = sourcecode.c.c; path = image_helper.c; sourceTree = "<group>"; };
		C479432F1D576FFD00908649 /* image_helper.h */ = {isa = PBXFileReference; fileEncoding = 4; lastKnownFileType = sourcecode.c.h; path = image_helper.h; sourceTree = "<group>"; };
		C47943311D576FFD00908649 /* stb_image-1.09.c */ = {isa = PBXFileReference; fileEncoding = 4; lastKnownFileType = sourcecode.c.c; path = "stb_image-1.09.c"; sourceTree = "<group>"; };
		C47943321D576FFD00908649 /* stb_image-1.16.c */ = {isa = PBXFileReference; fileEncoding = 4; lastKnownFileType = sourcecode.c.c; path = "stb_image-1.16.c"; sourceTree = "<group>"; };
		C47943331D576FFD00908649 /* SOIL.c */ = {isa = PBXFileReference; fileEncoding = 4; lastKnownFileType = sourcecode.c.c; path = SOIL.c; sourceTree = "<group>"; };
		C47943341D576FFD00908649 /* SOIL.h */ = {isa = PBXFileReference; fileEncoding = 4; lastKnownFileType = sourcecode.c.h; path = SOIL.h; sourceTree = "<group>"; };
		C47943351D576FFD00908649 /* stb_image_aug.c */ = {isa = PBXFileReference; fileEncoding = 4; lastKnownFileType = sourcecode.c.c; path = stb_image_aug.c; sourceTree = "<group>"; };
		C47943361D576FFD00908649 /* stb_image_aug.h */ = {isa = PBXFileReference; fileEncoding = 4; lastKnownFileType = sourcecode.c.h; path = stb_image_aug.h; sourceTree = "<group>"; };
		C47943371D576FFD00908649 /* stbi_DDS_aug.h */ = {isa = PBXFileReference; fileEncoding = 4; lastKnownFileType = sourcecode.c.h; path = stbi_DDS_aug.h; sourceTree = "<group>"; };
		C47943381D576FFD00908649 /* stbi_DDS_aug_c.h */ = {isa = PBXFileReference; fileEncoding = 4; lastKnownFileType = sourcecode.c.h; path = stbi_DDS_aug_c.h; sourceTree = "<group>"; };
		C47943451D57706100908649 /* matrix.h */ = {isa = PBXFileReference; fileEncoding = 4; lastKnownFileType = sourcecode.c.h; path = matrix.h; sourceTree = "<group>"; };
		C47943481D57734500908649 /* extensionList.txt */ = {isa = PBXFileReference; fileEncoding = 4; lastKnownFileType = text; path = extensionList.txt; sourceTree = "<group>"; };
		C47943491D57734500908649 /* GLee.c */ = {isa = PBXFileReference; fileEncoding = 4; lastKnownFileType = sourcecode.c.c; path = GLee.c; sourceTree = "<group>"; };
		C479434A1D57734500908649 /* GLee.h */ = {isa = PBXFileReference; fileEncoding = 4; lastKnownFileType = sourcecode.c.h; path = GLee.h; sourceTree = "<group>"; };
		C479434B1D57734500908649 /* readme.txt */ = {isa = PBXFileReference; fileEncoding = 4; lastKnownFileType = text; path = readme.txt; sourceTree = "<group>"; };
		C479434F1D5773F100908649 /* COLOR.cpp */ = {isa = PBXFileReference; fileEncoding = 4; lastKnownFileType = sourcecode.cpp.cpp; path = COLOR.cpp; sourceTree = "<group>"; };
		C47943501D5773F100908649 /* COLOR.h */ = {isa = PBXFileReference; fileEncoding = 4; lastKnownFileType = sourcecode.c.h; path = COLOR.h; sourceTree = "<group>"; };
		C47943521D5773F100908649 /* extensionList.txt */ = {isa = PBXFileReference; fileEncoding = 4; lastKnownFileType = text; path = extensionList.txt; sourceTree = "<group>"; };
		C47943531D5773F100908649 /* GLee.c */ = {isa = PBXFileReference; fileEncoding = 4; lastKnownFileType = sourcecode.c.c; path = GLee.c; sourceTree = "<group>"; };
		C47943541D5773F100908649 /* GLee.h */ = {isa = PBXFileReference; fileEncoding = 4; lastKnownFileType = sourcecode.c.h; path = GLee.h; sourceTree = "<group>"; };
		C47943551D5773F100908649 /* readme.txt */ = {isa = PBXFileReference; fileEncoding = 4; lastKnownFileType = text; path = readme.txt; sourceTree = "<group>"; };
		C47943561D5773F100908649 /* Maths.h */ = {isa = PBXFileReference; fileEncoding = 4; lastKnownFileType = sourcecode.c.h; path = Maths.h; sourceTree = "<group>"; };
		C47943571D5773F100908649 /* MATRIX4X4.cpp */ = {isa = PBXFileReference; fileEncoding = 4; lastKnownFileType = sourcecode.cpp.cpp; path = MATRIX4X4.cpp; sourceTree = "<group>"; };
		C47943581D5773F100908649 /* MATRIX4X4.h */ = {isa = PBXFileReference; fileEncoding = 4; lastKnownFileType = sourcecode.c.h; path = MATRIX4X4.h; sourceTree = "<group>"; };
		C47943591D5773F100908649 /* PLANE.cpp */ = {isa = PBXFileReference; fileEncoding = 4; lastKnownFileType = sourcecode.cpp.cpp; path = PLANE.cpp; sourceTree = "<group>"; };
		C479435A1D5773F100908649 /* PLANE.h */ = {isa = PBXFileReference; fileEncoding = 4; lastKnownFileType = sourcecode.c.h; path = PLANE.h; sourceTree = "<group>"; };
		C479435B1D5773F100908649 /* VECTOR2D.cpp */ = {isa = PBXFileReference; fileEncoding = 4; lastKnownFileType = sourcecode.cpp.cpp; path = VECTOR2D.cpp; sourceTree = "<group>"; };
		C479435C1D5773F100908649 /* VECTOR2D.h */ = {isa = PBXFileReference; fileEncoding = 4; lastKnownFileType = sourcecode.c.h; path = VECTOR2D.h; sourceTree = "<group>"; };
		C479435D1D5773F100908649 /* VECTOR3D.cpp */ = {isa = PBXFileReference; fileEncoding = 4; lastKnownFileType = sourcecode.cpp.cpp; path = VECTOR3D.cpp; sourceTree = "<group>"; };
		C479435E1D5773F100908649 /* VECTOR3D.h */ = {isa = PBXFileReference; fileEncoding = 4; lastKnownFileType = sourcecode.c.h; path = VECTOR3D.h; sourceTree = "<group>"; };
		C479435F1D5773F100908649 /* VECTOR4D.cpp */ = {isa = PBXFileReference; fileEncoding = 4; lastKnownFileType = sourcecode.cpp.cpp; path = VECTOR4D.cpp; sourceTree = "<group>"; };
		C47943601D5773F100908649 /* VECTOR4D.h */ = {isa = PBXFileReference; fileEncoding = 4; lastKnownFileType = sourcecode.c.h; path = VECTOR4D.h; sourceTree = "<group>"; };
		C4F4B7A91D2DC72300B6C0F5 /* in4152 */ = {isa = PBXFileReference; explicitFileType = "compiled.mach-o.executable"; includeInIndex = 0; path = in4152; sourceTree = BUILT_PRODUCTS_DIR; };
		C4F4B7AC1D2DC72300B6C0F5 /* main.cpp */ = {isa = PBXFileReference; lastKnownFileType = sourcecode.cpp.cpp; path = main.cpp; sourceTree = "<group>"; };
		C4F4B7B31D2DC73B00B6C0F5 /* OpenGL.framework */ = {isa = PBXFileReference; lastKnownFileType = wrapper.framework; name = OpenGL.framework; path = System/Library/Frameworks/OpenGL.framework; sourceTree = SDKROOT; };
		C4F4B7B51D2DC74200B6C0F5 /* GLUT.framework */ = {isa = PBXFileReference; lastKnownFileType = wrapper.framework; name = GLUT.framework; path = System/Library/Frameworks/GLUT.framework; sourceTree = SDKROOT; };
		C4F4B7B71D2DC80E00B6C0F5 /* argumentParser.h */ = {isa = PBXFileReference; fileEncoding = 4; lastKnownFileType = sourcecode.c.h; path = argumentParser.h; sourceTree = "<group>"; };
		C4F4B7BA1D2DC80E00B6C0F5 /* trackball.h */ = {isa = PBXFileReference; fileEncoding = 4; lastKnownFileType = sourcecode.c.h; path = trackball.h; sourceTree = "<group>"; };
/* End PBXFileReference section */

/* Begin PBXFrameworksBuildPhase section */
		C4F4B7A61D2DC72300B6C0F5 /* Frameworks */ = {
			isa = PBXFrameworksBuildPhase;
			buildActionMask = 2147483647;
			files = (
				C4F4B7B61D2DC74200B6C0F5 /* GLUT.framework in Frameworks */,
				C4F4B7B41D2DC73B00B6C0F5 /* OpenGL.framework in Frameworks */,
			);
			runOnlyForDeploymentPostprocessing = 0;
		};
/* End PBXFrameworksBuildPhase section */

/* Begin PBXGroup section */
		C40842FD1D4E178700F5E68F /* textures */ = {
			isa = PBXGroup;
			children = (
				C40842FE1D4E178700F5E68F /* test.bmp */,
			);
			path = textures;
			sourceTree = "<group>";
		};
		C47943281D576FF300908649 /* meshes */ = {
			isa = PBXGroup;
			children = (
				C47943291D576FF300908649 /* boss.obj */,
				C479432A1D576FF300908649 /* david.obj */,
			);
			path = meshes;
			sourceTree = "<group>";
		};
		C479432B1D576FFD00908649 /* soil */ = {
			isa = PBXGroup;
			children = (
				C479432C1D576FFD00908649 /* image_DXT.c */,
				C479432D1D576FFD00908649 /* image_DXT.h */,
				C479432E1D576FFD00908649 /* image_helper.c */,
				C479432F1D576FFD00908649 /* image_helper.h */,
				C47943301D576FFD00908649 /* original */,
				C47943331D576FFD00908649 /* SOIL.c */,
				C47943341D576FFD00908649 /* SOIL.h */,
				C47943351D576FFD00908649 /* stb_image_aug.c */,
				C47943361D576FFD00908649 /* stb_image_aug.h */,
				C47943371D576FFD00908649 /* stbi_DDS_aug.h */,
				C47943381D576FFD00908649 /* stbi_DDS_aug_c.h */,
			);
			path = soil;
			sourceTree = "<group>";
		};
		C47943301D576FFD00908649 /* original */ = {
			isa = PBXGroup;
			children = (
				C47943311D576FFD00908649 /* stb_image-1.09.c */,
				C47943321D576FFD00908649 /* stb_image-1.16.c */,
			);
			path = original;
			sourceTree = "<group>";
		};
		C47943471D57734500908649 /* glee */ = {
			isa = PBXGroup;
			children = (
				C47943481D57734500908649 /* extensionList.txt */,
				C47943491D57734500908649 /* GLee.c */,
				C479434A1D57734500908649 /* GLee.h */,
				C479434B1D57734500908649 /* readme.txt */,
			);
			path = glee;
			sourceTree = "<group>";
		};
		C479434E1D5773F100908649 /* maths */ = {
			isa = PBXGroup;
			children = (
				C479434F1D5773F100908649 /* COLOR.cpp */,
				C47943501D5773F100908649 /* COLOR.h */,
				C47943511D5773F100908649 /* GLee */,
				C47943561D5773F100908649 /* Maths.h */,
				C47943571D5773F100908649 /* MATRIX4X4.cpp */,
				C47943581D5773F100908649 /* MATRIX4X4.h */,
				C47943591D5773F100908649 /* PLANE.cpp */,
				C479435A1D5773F100908649 /* PLANE.h */,
				C479435B1D5773F100908649 /* VECTOR2D.cpp */,
				C479435C1D5773F100908649 /* VECTOR2D.h */,
				C479435D1D5773F100908649 /* VECTOR3D.cpp */,
				C479435E1D5773F100908649 /* VECTOR3D.h */,
				C479435F1D5773F100908649 /* VECTOR4D.cpp */,
				C47943601D5773F100908649 /* VECTOR4D.h */,
			);
			path = maths;
			sourceTree = "<group>";
		};
		C47943511D5773F100908649 /* GLee */ = {
			isa = PBXGroup;
			children = (
				C47943521D5773F100908649 /* extensionList.txt */,
				C47943531D5773F100908649 /* GLee.c */,
				C47943541D5773F100908649 /* GLee.h */,
				C47943551D5773F100908649 /* readme.txt */,
			);
			path = GLee;
			sourceTree = "<group>";
		};
		C4F4B7A01D2DC72300B6C0F5 = {
			isa = PBXGroup;
			children = (
				C4F4B7B51D2DC74200B6C0F5 /* GLUT.framework */,
				C4F4B7B31D2DC73B00B6C0F5 /* OpenGL.framework */,
				C4F4B7AB1D2DC72300B6C0F5 /* in4152 */,
				C4F4B7AA1D2DC72300B6C0F5 /* Products */,
			);
			sourceTree = "<group>";
		};
		C4F4B7AA1D2DC72300B6C0F5 /* Products */ = {
			isa = PBXGroup;
			children = (
				C4F4B7A91D2DC72300B6C0F5 /* in4152 */,
			);
			name = Products;
			sourceTree = "<group>";
		};
		C4F4B7AB1D2DC72300B6C0F5 /* in4152 */ = {
			isa = PBXGroup;
			children = (
				C479434E1D5773F100908649 /* maths */,
				C47943471D57734500908649 /* glee */,
				C479432B1D576FFD00908649 /* soil */,
				C47943281D576FF300908649 /* meshes */,
				C40842FD1D4E178700F5E68F /* textures */,
				C4F4B7B71D2DC80E00B6C0F5 /* argumentParser.h */,
				C4F4B7BA1D2DC80E00B6C0F5 /* trackball.h */,
				C4F4B7AC1D2DC72300B6C0F5 /* main.cpp */,
				C47943451D57706100908649 /* matrix.h */,
			);
			path = in4152;
			sourceTree = "<group>";
		};
/* End PBXGroup section */

/* Begin PBXHeadersBuildPhase section */
		C4083A4A1D48228000F5E68F /* Headers */ = {
			isa = PBXHeadersBuildPhase;
			buildActionMask = 2147483647;
			files = (
				C47943441D576FFD00908649 /* stbi_DDS_aug_c.h in Headers */,
				C47943691D5773F100908649 /* PLANE.h in Headers */,
				C479434D1D57734500908649 /* GLee.h in Headers */,
				C47943651D5773F100908649 /* Maths.h in Headers */,
				C47943421D576FFD00908649 /* stb_image_aug.h in Headers */,
				C47943401D576FFD00908649 /* SOIL.h in Headers */,
				C479433C1D576FFD00908649 /* image_helper.h in Headers */,
				C47943641D5773F100908649 /* GLee.h in Headers */,
				C479436D1D5773F100908649 /* VECTOR3D.h in Headers */,
				C47943431D576FFD00908649 /* stbi_DDS_aug.h in Headers */,
				C479436B1D5773F100908649 /* VECTOR2D.h in Headers */,
				C479436F1D5773F100908649 /* VECTOR4D.h in Headers */,
				C47943621D5773F100908649 /* COLOR.h in Headers */,
				C47943461D57706100908649 /* matrix.h in Headers */,
				C47943671D5773F100908649 /* MATRIX4X4.h in Headers */,
				C479433A1D576FFD00908649 /* image_DXT.h in Headers */,
			);
			runOnlyForDeploymentPostprocessing = 0;
		};
/* End PBXHeadersBuildPhase section */

/* Begin PBXNativeTarget section */
		C4F4B7A81D2DC72300B6C0F5 /* in4152 */ = {
			isa = PBXNativeTarget;
			buildConfigurationList = C4F4B7B01D2DC72300B6C0F5 /* Build configuration list for PBXNativeTarget "in4152" */;
			buildPhases = (
				C4F4B7A51D2DC72300B6C0F5 /* Sources */,
				C4F4B7A61D2DC72300B6C0F5 /* Frameworks */,
				C4F4B7A71D2DC72300B6C0F5 /* CopyFiles */,
				C4083A4A1D48228000F5E68F /* Headers */,
			);
			buildRules = (
			);
			dependencies = (
			);
			name = in4152;
			productName = in4152;
			productReference = C4F4B7A91D2DC72300B6C0F5 /* in4152 */;
			productType = "com.apple.product-type.tool";
		};
/* End PBXNativeTarget section */

/* Begin PBXProject section */
		C4F4B7A11D2DC72300B6C0F5 /* Project object */ = {
			isa = PBXProject;
			attributes = {
				LastUpgradeCheck = 0710;
				ORGANIZATIONNAME = Dhiratara;
				TargetAttributes = {
					C4F4B7A81D2DC72300B6C0F5 = {
						CreatedOnToolsVersion = 7.1;
					};
				};
			};
			buildConfigurationList = C4F4B7A41D2DC72300B6C0F5 /* Build configuration list for PBXProject "in4152" */;
			compatibilityVersion = "Xcode 3.2";
			developmentRegion = English;
			hasScannedForEncodings = 0;
			knownRegions = (
				en,
			);
			mainGroup = C4F4B7A01D2DC72300B6C0F5;
			productRefGroup = C4F4B7AA1D2DC72300B6C0F5 /* Products */;
			projectDirPath = "";
			projectRoot = "";
			targets = (
				C4F4B7A81D2DC72300B6C0F5 /* in4152 */,
			);
		};
/* End PBXProject section */

/* Begin PBXSourcesBuildPhase section */
		C4F4B7A51D2DC72300B6C0F5 /* Sources */ = {
			isa = PBXSourcesBuildPhase;
			buildActionMask = 2147483647;
			files = (
				C479433B1D576FFD00908649 /* image_helper.c in Sources */,
				C47943411D576FFD00908649 /* stb_image_aug.c in Sources */,
				C479436A1D5773F100908649 /* VECTOR2D.cpp in Sources */,
				C47943681D5773F100908649 /* PLANE.cpp in Sources */,
				C47943611D5773F100908649 /* COLOR.cpp in Sources */,
				C479434C1D57734500908649 /* GLee.c in Sources */,
				C47943661D5773F100908649 /* MATRIX4X4.cpp in Sources */,
				C479436C1D5773F100908649 /* VECTOR3D.cpp in Sources */,
				C479436E1D5773F100908649 /* VECTOR4D.cpp in Sources */,
				C479433F1D576FFD00908649 /* SOIL.c in Sources */,
				C47943391D576FFD00908649 /* image_DXT.c in Sources */,
				C4F4B7AD1D2DC72300B6C0F5 /* main.cpp in Sources */,
			);
			runOnlyForDeploymentPostprocessing = 0;
		};
/* End PBXSourcesBuildPhase section */

/* Begin XCBuildConfiguration section */
		C4F4B7AE1D2DC72300B6C0F5 /* Debug */ = {
			isa = XCBuildConfiguration;
			buildSettings = {
				ALWAYS_SEARCH_USER_PATHS = NO;
				CLANG_CXX_LANGUAGE_STANDARD = "gnu++0x";
				CLANG_CXX_LIBRARY = "libc++";
				CLANG_ENABLE_MODULES = YES;
				CLANG_ENABLE_OBJC_ARC = YES;
				CLANG_WARN_BOOL_CONVERSION = YES;
				CLANG_WARN_CONSTANT_CONVERSION = YES;
				CLANG_WARN_DIRECT_OBJC_ISA_USAGE = YES_ERROR;
				CLANG_WARN_EMPTY_BODY = YES;
				CLANG_WARN_ENUM_CONVERSION = YES;
				CLANG_WARN_INT_CONVERSION = YES;
				CLANG_WARN_OBJC_ROOT_CLASS = YES_ERROR;
				CLANG_WARN_UNREACHABLE_CODE = YES;
				CLANG_WARN__DUPLICATE_METHOD_MATCH = YES;
				CODE_SIGN_IDENTITY = "-";
				COPY_PHASE_STRIP = NO;
				DEBUG_INFORMATION_FORMAT = dwarf;
				ENABLE_STRICT_OBJC_MSGSEND = YES;
				ENABLE_TESTABILITY = YES;
				GCC_C_LANGUAGE_STANDARD = gnu99;
				GCC_DYNAMIC_NO_PIC = NO;
				GCC_NO_COMMON_BLOCKS = YES;
				GCC_OPTIMIZATION_LEVEL = 0;
				GCC_PREPROCESSOR_DEFINITIONS = (
					"DEBUG=1",
					"$(inherited)",
				);
				GCC_WARN_64_TO_32_BIT_CONVERSION = YES;
				GCC_WARN_ABOUT_RETURN_TYPE = YES_ERROR;
				GCC_WARN_UNDECLARED_SELECTOR = YES;
				GCC_WARN_UNINITIALIZED_AUTOS = YES_AGGRESSIVE;
				GCC_WARN_UNUSED_FUNCTION = YES;
				GCC_WARN_UNUSED_VARIABLE = YES;
				HEADER_SEARCH_PATHS = /usr/local/include;
				LIBRARY_SEARCH_PATHS = /usr/local/lib;
				MACOSX_DEPLOYMENT_TARGET = 10.10;
				MTL_ENABLE_DEBUG_INFO = YES;
				ONLY_ACTIVE_ARCH = YES;
				SDKROOT = macosx;
			};
			name = Debug;
		};
		C4F4B7AF1D2DC72300B6C0F5 /* Release */ = {
			isa = XCBuildConfiguration;
			buildSettings = {
				ALWAYS_SEARCH_USER_PATHS = NO;
				CLANG_CXX_LANGUAGE_STANDARD = "gnu++0x";
				CLANG_CXX_LIBRARY = "libc++";
				CLANG_ENABLE_MODULES = YES;
				CLANG_ENABLE_OBJC_ARC = YES;
				CLANG_WARN_BOOL_CONVERSION = YES;
				CLANG_WARN_CONSTANT_CONVERSION = YES;
				CLANG_WARN_DIRECT_OBJC_ISA_USAGE = YES_ERROR;
				CLANG_WARN_EMPTY_BODY = YES;
				CLANG_WARN_ENUM_CONVERSION = YES;
				CLANG_WARN_INT_CONVERSION = YES;
				CLANG_WARN_OBJC_ROOT_CLASS = YES_ERROR;
				CLANG_WARN_UNREACHABLE_CODE = YES;
				CLANG_WARN__DUPLICATE_METHOD_MATCH = YES;
				CODE_SIGN_IDENTITY = "-";
				COPY_PHASE_STRIP = NO;
				DEBUG_INFORMATION_FORMAT = "dwarf-with-dsym";
				ENABLE_NS_ASSERTIONS = NO;
				ENABLE_STRICT_OBJC_MSGSEND = YES;
				GCC_C_LANGUAGE_STANDARD = gnu99;
				GCC_NO_COMMON_BLOCKS = YES;
				GCC_WARN_64_TO_32_BIT_CONVERSION = YES;
				GCC_WARN_ABOUT_RETURN_TYPE = YES_ERROR;
				GCC_WARN_UNDECLARED_SELECTOR = YES;
				GCC_WARN_UNINITIALIZED_AUTOS = YES_AGGRESSIVE;
				GCC_WARN_UNUSED_FUNCTION = YES;
				GCC_WARN_UNUSED_VARIABLE = YES;
				HEADER_SEARCH_PATHS = /usr/local/include;
				LIBRARY_SEARCH_PATHS = /usr/local/lib;
				MACOSX_DEPLOYMENT_TARGET = 10.10;
				MTL_ENABLE_DEBUG_INFO = NO;
				SDKROOT = macosx;
			};
			name = Release;
		};
		C4F4B7B11D2DC72300B6C0F5 /* Debug */ = {
			isa = XCBuildConfiguration;
			buildSettings = {
				HEADER_SEARCH_PATHS = /usr/local/include;
				LIBRARY_SEARCH_PATHS = /usr/local/lib;
				LINK_WITH_STANDARD_LIBRARIES = YES;
				PRODUCT_NAME = "$(TARGET_NAME)";
			};
			name = Debug;
		};
		C4F4B7B21D2DC72300B6C0F5 /* Release */ = {
			isa = XCBuildConfiguration;
			buildSettings = {
				HEADER_SEARCH_PATHS = /usr/local/include;
				LIBRARY_SEARCH_PATHS = /usr/local/lib;
				LINK_WITH_STANDARD_LIBRARIES = YES;
				PRODUCT_NAME = "$(TARGET_NAME)";
			};
			name = Release;
		};
/* End XCBuildConfiguration section */

/* Begin XCConfigurationList section */
		C4F4B7A41D2DC72300B6C0F5 /* Build configuration list for PBXProject "in4152" */ = {
			isa = XCConfigurationList;
			buildConfigurations = (
				C4F4B7AE1D2DC72300B6C0F5 /* Debug */,
				C4F4B7AF1D2DC72300B6C0F5 /* Release */,
			);
			defaultConfigurationIsVisible = 0;
			defaultConfigurationName = Release;
		};
		C4F4B7B01D2DC72300B6C0F5 /* Build configuration list for PBXNativeTarget "in4152" */ = {
			isa = XCConfigurationList;
			buildConfigurations = (
				C4F4B7B11D2DC72300B6C0F5 /* Debug */,
				C4F4B7B21D2DC72300B6C0F5 /* Release */,
			);
			defaultConfigurationIsVisible = 0;
			defaultConfigurationName = Release;
		};
/* End XCConfigurationList section */
	};
	rootObject = C4F4B7A11D2DC72300B6C0F5 /* Project object */;
}
