// !$*UTF8*$!
{
	archiveVersion = 1;
	classes = {
	};
	objectVersion = 46;
	objects = {

/* Begin PBXBuildFile section */
		C4F4B7AD1D2DC72300B6C0F5 /* main.cpp in Sources */ = {isa = PBXBuildFile; fileRef = C4F4B7AC1D2DC72300B6C0F5 /* main.cpp */; };
		C4F4B7B41D2DC73B00B6C0F5 /* OpenGL.framework in Frameworks */ = {isa = PBXBuildFile; fileRef = C4F4B7B31D2DC73B00B6C0F5 /* OpenGL.framework */; };
		C4F4B7B61D2DC74200B6C0F5 /* GLUT.framework in Frameworks */ = {isa = PBXBuildFile; fileRef = C4F4B7B51D2DC74200B6C0F5 /* GLUT.framework */; };
/* End PBXBuildFile section */

/* Begin PBXCopyFilesBuildPhase section */
		C4F4B7A71D2DC72300B6C0F5 /* CopyFiles */ = {
			isa = PBXCopyFilesBuildPhase;
			buildActionMask = 2147483647;
			dstPath = /usr/share/man/man1/;
			dstSubfolderSpec = 0;
			files = (
			);
			runOnlyForDeploymentPostprocessing = 1;
		};
/* End PBXCopyFilesBuildPhase section */

/* Begin PBXFileReference section */
		C4F4B7A91D2DC72300B6C0F5 /* in4152 */ = {isa = PBXFileReference; explicitFileType = "compiled.mach-o.executable"; includeInIndex = 0; path = in4152; sourceTree = BUILT_PRODUCTS_DIR; };
		C4F4B7AC1D2DC72300B6C0F5 /* main.cpp */ = {isa = PBXFileReference; lastKnownFileType = sourcecode.cpp.cpp; path = main.cpp; sourceTree = "<group>"; };
		C4F4B7B31D2DC73B00B6C0F5 /* OpenGL.framework */ = {isa = PBXFileReference; lastKnownFileType = wrapper.framework; name = OpenGL.framework; path = System/Library/Frameworks/OpenGL.framework; sourceTree = SDKROOT; };
		C4F4B7B51D2DC74200B6C0F5 /* GLUT.framework */ = {isa = PBXFileReference; lastKnownFileType = wrapper.framework; name = GLUT.framework; path = System/Library/Frameworks/GLUT.framework; sourceTree = SDKROOT; };
		C4F4B7B71D2DC80E00B6C0F5 /* argumentParser.h */ = {isa = PBXFileReference; fileEncoding = 4; lastKnownFileType = sourcecode.c.h; path = argumentParser.h; sourceTree = "<group>"; };
		C4F4B7B81D2DC80E00B6C0F5 /* David.obj */ = {isa = PBXFileReference; fileEncoding = 4; lastKnownFileType = text; path = David.obj; sourceTree = "<group>"; };
		C4F4B7B91D2DC80E00B6C0F5 /* matrix.h */ = {isa = PBXFileReference; fileEncoding = 4; lastKnownFileType = sourcecode.c.h; path = matrix.h; sourceTree = "<group>"; };
		C4F4B7BA1D2DC80E00B6C0F5 /* trackball.h */ = {isa = PBXFileReference; fileEncoding = 4; lastKnownFileType = sourcecode.c.h; path = trackball.h; sourceTree = "<group>"; };
/* End PBXFileReference section */

/* Begin PBXFrameworksBuildPhase section */
		C4F4B7A61D2DC72300B6C0F5 /* Frameworks */ = {
			isa = PBXFrameworksBuildPhase;
			buildActionMask = 2147483647;
			files = (
				C4F4B7B61D2DC74200B6C0F5 /* GLUT.framework in Frameworks */,
				C4F4B7B41D2DC73B00B6C0F5 /* OpenGL.framework in Frameworks */,
			);
			runOnlyForDeploymentPostprocessing = 0;
		};
/* End PBXFrameworksBuildPhase section */

/* Begin PBXGroup section */
		C4F4B7A01D2DC72300B6C0F5 = {
			isa = PBXGroup;
			children = (
				C4F4B7B51D2DC74200B6C0F5 /* GLUT.framework */,
				C4F4B7B31D2DC73B00B6C0F5 /* OpenGL.framework */,
				C4F4B7AB1D2DC72300B6C0F5 /* in4152 */,
				C4F4B7AA1D2DC72300B6C0F5 /* Products */,
			);
			sourceTree = "<group>";
		};
		C4F4B7AA1D2DC72300B6C0F5 /* Products */ = {
			isa = PBXGroup;
			children = (
				C4F4B7A91D2DC72300B6C0F5 /* in4152 */,
			);
			name = Products;
			sourceTree = "<group>";
		};
		C4F4B7AB1D2DC72300B6C0F5 /* in4152 */ = {
			isa = PBXGroup;
			children = (
				C4F4B7B71D2DC80E00B6C0F5 /* argumentParser.h */,
				C4F4B7B81D2DC80E00B6C0F5 /* David.obj */,
				C4F4B7B91D2DC80E00B6C0F5 /* matrix.h */,
				C4F4B7BA1D2DC80E00B6C0F5 /* trackball.h */,
				C4F4B7AC1D2DC72300B6C0F5 /* main.cpp */,
			);
			path = in4152;
			sourceTree = "<group>";
		};
/* End PBXGroup section */

/* Begin PBXNativeTarget section */
		C4F4B7A81D2DC72300B6C0F5 /* in4152 */ = {
			isa = PBXNativeTarget;
			buildConfigurationList = C4F4B7B01D2DC72300B6C0F5 /* Build configuration list for PBXNativeTarget "in4152" */;
			buildPhases = (
				C4F4B7A51D2DC72300B6C0F5 /* Sources */,
				C4F4B7A61D2DC72300B6C0F5 /* Frameworks */,
				C4F4B7A71D2DC72300B6C0F5 /* CopyFiles */,
			);
			buildRules = (
			);
			dependencies = (
			);
			name = in4152;
			productName = in4152;
			productReference = C4F4B7A91D2DC72300B6C0F5 /* in4152 */;
			productType = "com.apple.product-type.tool";
		};
/* End PBXNativeTarget section */

/* Begin PBXProject section */
		C4F4B7A11D2DC72300B6C0F5 /* Project object */ = {
			isa = PBXProject;
			attributes = {
				LastUpgradeCheck = 0710;
				ORGANIZATIONNAME = Dhiratara;
				TargetAttributes = {
					C4F4B7A81D2DC72300B6C0F5 = {
						CreatedOnToolsVersion = 7.1;
					};
				};
			};
			buildConfigurationList = C4F4B7A41D2DC72300B6C0F5 /* Build configuration list for PBXProject "in4152" */;
			compatibilityVersion = "Xcode 3.2";
			developmentRegion = English;
			hasScannedForEncodings = 0;
			knownRegions = (
				en,
			);
			mainGroup = C4F4B7A01D2DC72300B6C0F5;
			productRefGroup = C4F4B7AA1D2DC72300B6C0F5 /* Products */;
			projectDirPath = "";
			projectRoot = "";
			targets = (
				C4F4B7A81D2DC72300B6C0F5 /* in4152 */,
			);
		};
/* End PBXProject section */

/* Begin PBXSourcesBuildPhase section */
		C4F4B7A51D2DC72300B6C0F5 /* Sources */ = {
			isa = PBXSourcesBuildPhase;
			buildActionMask = 2147483647;
			files = (
				C4F4B7AD1D2DC72300B6C0F5 /* main.cpp in Sources */,
			);
			runOnlyForDeploymentPostprocessing = 0;
		};
/* End PBXSourcesBuildPhase section */

/* Begin XCBuildConfiguration section */
		C4F4B7AE1D2DC72300B6C0F5 /* Debug */ = {
			isa = XCBuildConfiguration;
			buildSettings = {
				ALWAYS_SEARCH_USER_PATHS = NO;
				CLANG_CXX_LANGUAGE_STANDARD = "gnu++0x";
				CLANG_CXX_LIBRARY = "libc++";
				CLANG_ENABLE_MODULES = YES;
				CLANG_ENABLE_OBJC_ARC = YES;
				CLANG_WARN_BOOL_CONVERSION = YES;
				CLANG_WARN_CONSTANT_CONVERSION = YES;
				CLANG_WARN_DIRECT_OBJC_ISA_USAGE = YES_ERROR;
				CLANG_WARN_EMPTY_BODY = YES;
				CLANG_WARN_ENUM_CONVERSION = YES;
				CLANG_WARN_INT_CONVERSION = YES;
				CLANG_WARN_OBJC_ROOT_CLASS = YES_ERROR;
				CLANG_WARN_UNREACHABLE_CODE = YES;
				CLANG_WARN__DUPLICATE_METHOD_MATCH = YES;
				CODE_SIGN_IDENTITY = "-";
				COPY_PHASE_STRIP = NO;
				DEBUG_INFORMATION_FORMAT = dwarf;
				ENABLE_STRICT_OBJC_MSGSEND = YES;
				ENABLE_TESTABILITY = YES;
				GCC_C_LANGUAGE_STANDARD = gnu99;
				GCC_DYNAMIC_NO_PIC = NO;
				GCC_NO_COMMON_BLOCKS = YES;
				GCC_OPTIMIZATION_LEVEL = 0;
				GCC_PREPROCESSOR_DEFINITIONS = (
					"DEBUG=1",
					"$(inherited)",
				);
				GCC_WARN_64_TO_32_BIT_CONVERSION = YES;
				GCC_WARN_ABOUT_RETURN_TYPE = YES_ERROR;
				GCC_WARN_UNDECLARED_SELECTOR = YES;
				GCC_WARN_UNINITIALIZED_AUTOS = YES_AGGRESSIVE;
				GCC_WARN_UNUSED_FUNCTION = YES;
				GCC_WARN_UNUSED_VARIABLE = YES;
				MACOSX_DEPLOYMENT_TARGET = 10.10;
				MTL_ENABLE_DEBUG_INFO = YES;
				ONLY_ACTIVE_ARCH = YES;
				SDKROOT = macosx;
			};
			name = Debug;
		};
		C4F4B7AF1D2DC72300B6C0F5 /* Release */ = {
			isa = XCBuildConfiguration;
			buildSettings = {
				ALWAYS_SEARCH_USER_PATHS = NO;
				CLANG_CXX_LANGUAGE_STANDARD = "gnu++0x";
				CLANG_CXX_LIBRARY = "libc++";
				CLANG_ENABLE_MODULES = YES;
				CLANG_ENABLE_OBJC_ARC = YES;
				CLANG_WARN_BOOL_CONVERSION = YES;
				CLANG_WARN_CONSTANT_CONVERSION = YES;
				CLANG_WARN_DIRECT_OBJC_ISA_USAGE = YES_ERROR;
				CLANG_WARN_EMPTY_BODY = YES;
				CLANG_WARN_ENUM_CONVERSION = YES;
				CLANG_WARN_INT_CONVERSION = YES;
				CLANG_WARN_OBJC_ROOT_CLASS = YES_ERROR;
				CLANG_WARN_UNREACHABLE_CODE = YES;
				CLANG_WARN__DUPLICATE_METHOD_MATCH = YES;
				CODE_SIGN_IDENTITY = "-";
				COPY_PHASE_STRIP = NO;
				DEBUG_INFORMATION_FORMAT = "dwarf-with-dsym";
				ENABLE_NS_ASSERTIONS = NO;
				ENABLE_STRICT_OBJC_MSGSEND = YES;
				GCC_C_LANGUAGE_STANDARD = gnu99;
				GCC_NO_COMMON_BLOCKS = YES;
				GCC_WARN_64_TO_32_BIT_CONVERSION = YES;
				GCC_WARN_ABOUT_RETURN_TYPE = YES_ERROR;
				GCC_WARN_UNDECLARED_SELECTOR = YES;
				GCC_WARN_UNINITIALIZED_AUTOS = YES_AGGRESSIVE;
				GCC_WARN_UNUSED_FUNCTION = YES;
				GCC_WARN_UNUSED_VARIABLE = YES;
				MACOSX_DEPLOYMENT_TARGET = 10.10;
				MTL_ENABLE_DEBUG_INFO = NO;
				SDKROOT = macosx;
			};
			name = Release;
		};
		C4F4B7B11D2DC72300B6C0F5 /* Debug */ = {
			isa = XCBuildConfiguration;
			buildSettings = {
				PRODUCT_NAME = "$(TARGET_NAME)";
			};
			name = Debug;
		};
		C4F4B7B21D2DC72300B6C0F5 /* Release */ = {
			isa = XCBuildConfiguration;
			buildSettings = {
				PRODUCT_NAME = "$(TARGET_NAME)";
			};
			name = Release;
		};
/* End XCBuildConfiguration section */

/* Begin XCConfigurationList section */
		C4F4B7A41D2DC72300B6C0F5 /* Build configuration list for PBXProject "in4152" */ = {
			isa = XCConfigurationList;
			buildConfigurations = (
				C4F4B7AE1D2DC72300B6C0F5 /* Debug */,
				C4F4B7AF1D2DC72300B6C0F5 /* Release */,
			);
			defaultConfigurationIsVisible = 0;
			defaultConfigurationName = Release;
		};
		C4F4B7B01D2DC72300B6C0F5 /* Build configuration list for PBXNativeTarget "in4152" */ = {
			isa = XCConfigurationList;
			buildConfigurations = (
				C4F4B7B11D2DC72300B6C0F5 /* Debug */,
				C4F4B7B21D2DC72300B6C0F5 /* Release */,
			);
			defaultConfigurationIsVisible = 0;
		};
/* End XCConfigurationList section */
	};
	rootObject = C4F4B7A11D2DC72300B6C0F5 /* Project object */;
}
